
Microsoft Visual Studio Solution File, Format Version 12.00
# Visual Studio Version 17
VisualStudioVersion = 17.3.32922.545
MinimumVisualStudioVersion = 10.0.40219.1
Project("{FAE04EC0-301F-11D3-BF4B-00C04F79EFBC}") = "hello_world", "hello_world.csproj", "{684E3BCE-217C-4498-92F0-3B7F0EF58A7C}"
EndProject
Global
	GlobalSection(SolutionConfigurationPlatforms) = preSolution
		Debug|Any CPU = Debug|Any CPU
		Release|Any CPU = Release|Any CPU
	EndGlobalSection
	GlobalSection(ProjectConfigurationPlatforms) = postSolution
		{684E3BCE-217C-4498-92F0-3B7F0EF58A7C}.Debug|Any CPU.ActiveCfg = Debug|Any CPU
		{684E3BCE-217C-4498-92F0-3B7F0EF58A7C}.Debug|Any CPU.Build.0 = Debug|Any CPU
		{684E3BCE-217C-4498-92F0-3B7F0EF58A7C}.Release|Any CPU.ActiveCfg = Release|Any CPU
		{684E3BCE-217C-4498-92F0-3B7F0EF58A7C}.Release|Any CPU.Build.0 = Release|Any CPU
	EndGlobalSection
	GlobalSection(SolutionProperties) = preSolution
		HideSolutionNode = FALSE
	EndGlobalSection
	GlobalSection(ExtensibilityGlobals) = postSolution
		SolutionGuid = {EA0EFE07-D5E8-4921-926A-2BD79A9B3008}
	EndGlobalSection
EndGlobal
